// !$*UTF8*$!
{
	archiveVersion = 1;
	classes = {
	};
	objectVersion = 56;
	objects = {

/* Begin PBXBuildFile section */
		9C6F31162A3F1037007E7A23 /* ThirdViewController.swift in Sources */ = {isa = PBXBuildFile; fileRef = 9C6F31152A3F1037007E7A23 /* ThirdViewController.swift */; };
		9CEBE1222A3F0E880088FB22 /* AppDelegate.swift in Sources */ = {isa = PBXBuildFile; fileRef = 9CEBE1212A3F0E880088FB22 /* AppDelegate.swift */; };
		9CEBE1242A3F0E880088FB22 /* SceneDelegate.swift in Sources */ = {isa = PBXBuildFile; fileRef = 9CEBE1232A3F0E880088FB22 /* SceneDelegate.swift */; };
		9CEBE1262A3F0E880088FB22 /* ViewController.swift in Sources */ = {isa = PBXBuildFile; fileRef = 9CEBE1252A3F0E880088FB22 /* ViewController.swift */; };
		9CEBE1292A3F0E880088FB22 /* Main.storyboard in Resources */ = {isa = PBXBuildFile; fileRef = 9CEBE1272A3F0E880088FB22 /* Main.storyboard */; };
		9CEBE12B2A3F0E890088FB22 /* Assets.xcassets in Resources */ = {isa = PBXBuildFile; fileRef = 9CEBE12A2A3F0E890088FB22 /* Assets.xcassets */; };
		9CEBE12E2A3F0E890088FB22 /* LaunchScreen.storyboard in Resources */ = {isa = PBXBuildFile; fileRef = 9CEBE12C2A3F0E890088FB22 /* LaunchScreen.storyboard */; };
		9CEBE1392A3F0E890088FB22 /* GITHUB_DemoTests.swift in Sources */ = {isa = PBXBuildFile; fileRef = 9CEBE1382A3F0E890088FB22 /* GITHUB_DemoTests.swift */; };
		9CEBE1432A3F0E890088FB22 /* GITHUB_DemoUITests.swift in Sources */ = {isa = PBXBuildFile; fileRef = 9CEBE1422A3F0E890088FB22 /* GITHUB_DemoUITests.swift */; };
		9CEBE1452A3F0E890088FB22 /* GITHUB_DemoUITestsLaunchTests.swift in Sources */ = {isa = PBXBuildFile; fileRef = 9CEBE1442A3F0E890088FB22 /* GITHUB_DemoUITestsLaunchTests.swift */; };
		9CEBE1522A3F0F5D0088FB22 /* SecondViewController.swift in Sources */ = {isa = PBXBuildFile; fileRef = 9CEBE1512A3F0F5D0088FB22 /* SecondViewController.swift */; };
/* End PBXBuildFile section */

/* Begin PBXContainerItemProxy section */
		9CEBE1352A3F0E890088FB22 /* PBXContainerItemProxy */ = {
			isa = PBXContainerItemProxy;
			containerPortal = 9CEBE1162A3F0E880088FB22 /* Project object */;
			proxyType = 1;
			remoteGlobalIDString = 9CEBE11D2A3F0E880088FB22;
			remoteInfo = GITHUB_Demo;
		};
		9CEBE13F2A3F0E890088FB22 /* PBXContainerItemProxy */ = {
			isa = PBXContainerItemProxy;
			containerPortal = 9CEBE1162A3F0E880088FB22 /* Project object */;
			proxyType = 1;
			remoteGlobalIDString = 9CEBE11D2A3F0E880088FB22;
			remoteInfo = GITHUB_Demo;
		};
/* End PBXContainerItemProxy section */

/* Begin PBXFileReference section */
		9C6F31152A3F1037007E7A23 /* ThirdViewController.swift */ = {isa = PBXFileReference; lastKnownFileType = sourcecode.swift; path = ThirdViewController.swift; sourceTree = "<group>"; };
		9CEBE11E2A3F0E880088FB22 /* GITHUB_Demo.app */ = {isa = PBXFileReference; explicitFileType = wrapper.application; includeInIndex = 0; path = GITHUB_Demo.app; sourceTree = BUILT_PRODUCTS_DIR; };
		9CEBE1212A3F0E880088FB22 /* AppDelegate.swift */ = {isa = PBXFileReference; lastKnownFileType = sourcecode.swift; path = AppDelegate.swift; sourceTree = "<group>"; };
		9CEBE1232A3F0E880088FB22 /* SceneDelegate.swift */ = {isa = PBXFileReference; lastKnownFileType = sourcecode.swift; path = SceneDelegate.swift; sourceTree = "<group>"; };
		9CEBE1252A3F0E880088FB22 /* ViewController.swift */ = {isa = PBXFileReference; lastKnownFileType = sourcecode.swift; path = ViewController.swift; sourceTree = "<group>"; };
		9CEBE1282A3F0E880088FB22 /* Base */ = {isa = PBXFileReference; lastKnownFileType = file.storyboard; name = Base; path = Base.lproj/Main.storyboard; sourceTree = "<group>"; };
		9CEBE12A2A3F0E890088FB22 /* Assets.xcassets */ = {isa = PBXFileReference; lastKnownFileType = folder.assetcatalog; path = Assets.xcassets; sourceTree = "<group>"; };
		9CEBE12D2A3F0E890088FB22 /* Base */ = {isa = PBXFileReference; lastKnownFileType = file.storyboard; name = Base; path = Base.lproj/LaunchScreen.storyboard; sourceTree = "<group>"; };
		9CEBE12F2A3F0E890088FB22 /* Info.plist */ = {isa = PBXFileReference; lastKnownFileType = text.plist.xml; path = Info.plist; sourceTree = "<group>"; };
		9CEBE1342A3F0E890088FB22 /* GITHUB_DemoTests.xctest */ = {isa = PBXFileReference; explicitFileType = wrapper.cfbundle; includeInIndex = 0; path = GITHUB_DemoTests.xctest; sourceTree = BUILT_PRODUCTS_DIR; };
		9CEBE1382A3F0E890088FB22 /* GITHUB_DemoTests.swift */ = {isa = PBXFileReference; lastKnownFileType = sourcecode.swift; path = GITHUB_DemoTests.swift; sourceTree = "<group>"; };
		9CEBE13E2A3F0E890088FB22 /* GITHUB_DemoUITests.xctest */ = {isa = PBXFileReference; explicitFileType = wrapper.cfbundle; includeInIndex = 0; path = GITHUB_DemoUITests.xctest; sourceTree = BUILT_PRODUCTS_DIR; };
		9CEBE1422A3F0E890088FB22 /* GITHUB_DemoUITests.swift */ = {isa = PBXFileReference; lastKnownFileType = sourcecode.swift; path = GITHUB_DemoUITests.swift; sourceTree = "<group>"; };
		9CEBE1442A3F0E890088FB22 /* GITHUB_DemoUITestsLaunchTests.swift */ = {isa = PBXFileReference; lastKnownFileType = sourcecode.swift; path = GITHUB_DemoUITestsLaunchTests.swift; sourceTree = "<group>"; };
		9CEBE1512A3F0F5D0088FB22 /* SecondViewController.swift */ = {isa = PBXFileReference; lastKnownFileType = sourcecode.swift; path = SecondViewController.swift; sourceTree = "<group>"; };
/* End PBXFileReference section */

/* Begin PBXFrameworksBuildPhase section */
		9CEBE11B2A3F0E880088FB22 /* Frameworks */ = {
			isa = PBXFrameworksBuildPhase;
			buildActionMask = 2147483647;
			files = (
			);
			runOnlyForDeploymentPostprocessing = 0;
		};
		9CEBE1312A3F0E890088FB22 /* Frameworks */ = {
			isa = PBXFrameworksBuildPhase;
			buildActionMask = 2147483647;
			files = (
			);
			runOnlyForDeploymentPostprocessing = 0;
		};
		9CEBE13B2A3F0E890088FB22 /* Frameworks */ = {
			isa = PBXFrameworksBuildPhase;
			buildActionMask = 2147483647;
			files = (
			);
			runOnlyForDeploymentPostprocessing = 0;
		};
/* End PBXFrameworksBuildPhase section */

/* Begin PBXGroup section */
		9CEBE1152A3F0E880088FB22 = {
			isa = PBXGroup;
			children = (
				9CEBE1202A3F0E880088FB22 /* GITHUB_Demo */,
				9CEBE1372A3F0E890088FB22 /* GITHUB_DemoTests */,
				9CEBE1412A3F0E890088FB22 /* GITHUB_DemoUITests */,
				9CEBE11F2A3F0E880088FB22 /* Products */,
			);
			sourceTree = "<group>";
		};
		9CEBE11F2A3F0E880088FB22 /* Products */ = {
			isa = PBXGroup;
			children = (
				9CEBE11E2A3F0E880088FB22 /* GITHUB_Demo.app */,
				9CEBE1342A3F0E890088FB22 /* GITHUB_DemoTests.xctest */,
				9CEBE13E2A3F0E890088FB22 /* GITHUB_DemoUITests.xctest */,
			);
			name = Products;
			sourceTree = "<group>";
		};
		9CEBE1202A3F0E880088FB22 /* GITHUB_Demo */ = {
			isa = PBXGroup;
			children = (
				9CEBE1212A3F0E880088FB22 /* AppDelegate.swift */,
				9CEBE1232A3F0E880088FB22 /* SceneDelegate.swift */,
				9CEBE1252A3F0E880088FB22 /* ViewController.swift */,
				9CEBE1512A3F0F5D0088FB22 /* SecondViewController.swift */,
				9C6F31152A3F1037007E7A23 /* ThirdViewController.swift */,
				9CEBE1272A3F0E880088FB22 /* Main.storyboard */,
				9CEBE12A2A3F0E890088FB22 /* Assets.xcassets */,
				9CEBE12C2A3F0E890088FB22 /* LaunchScreen.storyboard */,
				9CEBE12F2A3F0E890088FB22 /* Info.plist */,
			);
			path = GITHUB_Demo;
			sourceTree = "<group>";
		};
		9CEBE1372A3F0E890088FB22 /* GITHUB_DemoTests */ = {
			isa = PBXGroup;
			children = (
				9CEBE1382A3F0E890088FB22 /* GITHUB_DemoTests.swift */,
			);
			path = GITHUB_DemoTests;
			sourceTree = "<group>";
		};
		9CEBE1412A3F0E890088FB22 /* GITHUB_DemoUITests */ = {
			isa = PBXGroup;
			children = (
				9CEBE1422A3F0E890088FB22 /* GITHUB_DemoUITests.swift */,
				9CEBE1442A3F0E890088FB22 /* GITHUB_DemoUITestsLaunchTests.swift */,
			);
			path = GITHUB_DemoUITests;
			sourceTree = "<group>";
		};
/* End PBXGroup section */

/* Begin PBXNativeTarget section */
		9CEBE11D2A3F0E880088FB22 /* GITHUB_Demo */ = {
			isa = PBXNativeTarget;
			buildConfigurationList = 9CEBE1482A3F0E890088FB22 /* Build configuration list for PBXNativeTarget "GITHUB_Demo" */;
			buildPhases = (
				9CEBE11A2A3F0E880088FB22 /* Sources */,
				9CEBE11B2A3F0E880088FB22 /* Frameworks */,
				9CEBE11C2A3F0E880088FB22 /* Resources */,
			);
			buildRules = (
			);
			dependencies = (
			);
			name = GITHUB_Demo;
			productName = GITHUB_Demo;
			productReference = 9CEBE11E2A3F0E880088FB22 /* GITHUB_Demo.app */;
			productType = "com.apple.product-type.application";
		};
		9CEBE1332A3F0E890088FB22 /* GITHUB_DemoTests */ = {
			isa = PBXNativeTarget;
			buildConfigurationList = 9CEBE14B2A3F0E890088FB22 /* Build configuration list for PBXNativeTarget "GITHUB_DemoTests" */;
			buildPhases = (
				9CEBE1302A3F0E890088FB22 /* Sources */,
				9CEBE1312A3F0E890088FB22 /* Frameworks */,
				9CEBE1322A3F0E890088FB22 /* Resources */,
			);
			buildRules = (
			);
			dependencies = (
				9CEBE1362A3F0E890088FB22 /* PBXTargetDependency */,
			);
			name = GITHUB_DemoTests;
			productName = GITHUB_DemoTests;
			productReference = 9CEBE1342A3F0E890088FB22 /* GITHUB_DemoTests.xctest */;
			productType = "com.apple.product-type.bundle.unit-test";
		};
		9CEBE13D2A3F0E890088FB22 /* GITHUB_DemoUITests */ = {
			isa = PBXNativeTarget;
			buildConfigurationList = 9CEBE14E2A3F0E890088FB22 /* Build configuration list for PBXNativeTarget "GITHUB_DemoUITests" */;
			buildPhases = (
				9CEBE13A2A3F0E890088FB22 /* Sources */,
				9CEBE13B2A3F0E890088FB22 /* Frameworks */,
				9CEBE13C2A3F0E890088FB22 /* Resources */,
			);
			buildRules = (
			);
			dependencies = (
				9CEBE1402A3F0E890088FB22 /* PBXTargetDependency */,
			);
			name = GITHUB_DemoUITests;
			productName = GITHUB_DemoUITests;
			productReference = 9CEBE13E2A3F0E890088FB22 /* GITHUB_DemoUITests.xctest */;
			productType = "com.apple.product-type.bundle.ui-testing";
		};
/* End PBXNativeTarget section */

/* Begin PBXProject section */
		9CEBE1162A3F0E880088FB22 /* Project object */ = {
			isa = PBXProject;
			attributes = {
				BuildIndependentTargetsInParallel = 1;
				LastSwiftUpdateCheck = 1420;
				LastUpgradeCheck = 1420;
				TargetAttributes = {
					9CEBE11D2A3F0E880088FB22 = {
						CreatedOnToolsVersion = 14.2;
					};
					9CEBE1332A3F0E890088FB22 = {
						CreatedOnToolsVersion = 14.2;
						TestTargetID = 9CEBE11D2A3F0E880088FB22;
					};
					9CEBE13D2A3F0E890088FB22 = {
						CreatedOnToolsVersion = 14.2;
						TestTargetID = 9CEBE11D2A3F0E880088FB22;
					};
				};
			};
			buildConfigurationList = 9CEBE1192A3F0E880088FB22 /* Build configuration list for PBXProject "GITHUB_Demo" */;
			compatibilityVersion = "Xcode 14.0";
			developmentRegion = en;
			hasScannedForEncodings = 0;
			knownRegions = (
				en,
				Base,
			);
			mainGroup = 9CEBE1152A3F0E880088FB22;
			productRefGroup = 9CEBE11F2A3F0E880088FB22 /* Products */;
			projectDirPath = "";
			projectRoot = "";
			targets = (
				9CEBE11D2A3F0E880088FB22 /* GITHUB_Demo */,
				9CEBE1332A3F0E890088FB22 /* GITHUB_DemoTests */,
				9CEBE13D2A3F0E890088FB22 /* GITHUB_DemoUITests */,
			);
		};
/* End PBXProject section */

/* Begin PBXResourcesBuildPhase section */
		9CEBE11C2A3F0E880088FB22 /* Resources */ = {
			isa = PBXResourcesBuildPhase;
			buildActionMask = 2147483647;
			files = (
				9CEBE12E2A3F0E890088FB22 /* LaunchScreen.storyboard in Resources */,
				9CEBE12B2A3F0E890088FB22 /* Assets.xcassets in Resources */,
				9CEBE1292A3F0E880088FB22 /* Main.storyboard in Resources */,
			);
			runOnlyForDeploymentPostprocessing = 0;
		};
		9CEBE1322A3F0E890088FB22 /* Resources */ = {
			isa = PBXResourcesBuildPhase;
			buildActionMask = 2147483647;
			files = (
			);
			runOnlyForDeploymentPostprocessing = 0;
		};
		9CEBE13C2A3F0E890088FB22 /* Resources */ = {
			isa = PBXResourcesBuildPhase;
			buildActionMask = 2147483647;
			files = (
			);
			runOnlyForDeploymentPostprocessing = 0;
		};
/* End PBXResourcesBuildPhase section */

/* Begin PBXSourcesBuildPhase section */
		9CEBE11A2A3F0E880088FB22 /* Sources */ = {
			isa = PBXSourcesBuildPhase;
			buildActionMask = 2147483647;
			files = (
				9CEBE1522A3F0F5D0088FB22 /* SecondViewController.swift in Sources */,
				9CEBE1262A3F0E880088FB22 /* ViewController.swift in Sources */,
				9C6F31162A3F1037007E7A23 /* ThirdViewController.swift in Sources */,
				9CEBE1222A3F0E880088FB22 /* AppDelegate.swift in Sources */,
				9CEBE1242A3F0E880088FB22 /* SceneDelegate.swift in Sources */,
			);
			runOnlyForDeploymentPostprocessing = 0;
		};
		9CEBE1302A3F0E890088FB22 /* Sources */ = {
			isa = PBXSourcesBuildPhase;
			buildActionMask = 2147483647;
			files = (
				9CEBE1392A3F0E890088FB22 /* GITHUB_DemoTests.swift in Sources */,
			);
			runOnlyForDeploymentPostprocessing = 0;
		};
		9CEBE13A2A3F0E890088FB22 /* Sources */ = {
			isa = PBXSourcesBuildPhase;
			buildActionMask = 2147483647;
			files = (
				9CEBE1452A3F0E890088FB22 /* GITHUB_DemoUITestsLaunchTests.swift in Sources */,
				9CEBE1432A3F0E890088FB22 /* GITHUB_DemoUITests.swift in Sources */,
			);
			runOnlyForDeploymentPostprocessing = 0;
		};
/* End PBXSourcesBuildPhase section */

/* Begin PBXTargetDependency section */
		9CEBE1362A3F0E890088FB22 /* PBXTargetDependency */ = {
			isa = PBXTargetDependency;
			target = 9CEBE11D2A3F0E880088FB22 /* GITHUB_Demo */;
			targetProxy = 9CEBE1352A3F0E890088FB22 /* PBXContainerItemProxy */;
		};
		9CEBE1402A3F0E890088FB22 /* PBXTargetDependency */ = {
			isa = PBXTargetDependency;
			target = 9CEBE11D2A3F0E880088FB22 /* GITHUB_Demo */;
			targetProxy = 9CEBE13F2A3F0E890088FB22 /* PBXContainerItemProxy */;
		};
/* End PBXTargetDependency section */

/* Begin PBXVariantGroup section */
		9CEBE1272A3F0E880088FB22 /* Main.storyboard */ = {
			isa = PBXVariantGroup;
			children = (
				9CEBE1282A3F0E880088FB22 /* Base */,
			);
			name = Main.storyboard;
			sourceTree = "<group>";
		};
		9CEBE12C2A3F0E890088FB22 /* LaunchScreen.storyboard */ = {
			isa = PBXVariantGroup;
			children = (
				9CEBE12D2A3F0E890088FB22 /* Base */,
			);
			name = LaunchScreen.storyboard;
			sourceTree = "<group>";
		};
/* End PBXVariantGroup section */

/* Begin XCBuildConfiguration section */
		9CEBE1462A3F0E890088FB22 /* Debug */ = {
			isa = XCBuildConfiguration;
			buildSettings = {
				ALWAYS_SEARCH_USER_PATHS = NO;
				CLANG_ANALYZER_NONNULL = YES;
				CLANG_ANALYZER_NUMBER_OBJECT_CONVERSION = YES_AGGRESSIVE;
				CLANG_CXX_LANGUAGE_STANDARD = "gnu++20";
				CLANG_ENABLE_MODULES = YES;
				CLANG_ENABLE_OBJC_ARC = YES;
				CLANG_ENABLE_OBJC_WEAK = YES;
				CLANG_WARN_BLOCK_CAPTURE_AUTORELEASING = YES;
				CLANG_WARN_BOOL_CONVERSION = YES;
				CLANG_WARN_COMMA = YES;
				CLANG_WARN_CONSTANT_CONVERSION = YES;
				CLANG_WARN_DEPRECATED_OBJC_IMPLEMENTATIONS = YES;
				CLANG_WARN_DIRECT_OBJC_ISA_USAGE = YES_ERROR;
				CLANG_WARN_DOCUMENTATION_COMMENTS = YES;
				CLANG_WARN_EMPTY_BODY = YES;
				CLANG_WARN_ENUM_CONVERSION = YES;
				CLANG_WARN_INFINITE_RECURSION = YES;
				CLANG_WARN_INT_CONVERSION = YES;
				CLANG_WARN_NON_LITERAL_NULL_CONVERSION = YES;
				CLANG_WARN_OBJC_IMPLICIT_RETAIN_SELF = YES;
				CLANG_WARN_OBJC_LITERAL_CONVERSION = YES;
				CLANG_WARN_OBJC_ROOT_CLASS = YES_ERROR;
				CLANG_WARN_QUOTED_INCLUDE_IN_FRAMEWORK_HEADER = YES;
				CLANG_WARN_RANGE_LOOP_ANALYSIS = YES;
				CLANG_WARN_STRICT_PROTOTYPES = YES;
				CLANG_WARN_SUSPICIOUS_MOVE = YES;
				CLANG_WARN_UNGUARDED_AVAILABILITY = YES_AGGRESSIVE;
				CLANG_WARN_UNREACHABLE_CODE = YES;
				CLANG_WARN__DUPLICATE_METHOD_MATCH = YES;
				COPY_PHASE_STRIP = NO;
				DEBUG_INFORMATION_FORMAT = dwarf;
				ENABLE_STRICT_OBJC_MSGSEND = YES;
				ENABLE_TESTABILITY = YES;
				GCC_C_LANGUAGE_STANDARD = gnu11;
				GCC_DYNAMIC_NO_PIC = NO;
				GCC_NO_COMMON_BLOCKS = YES;
				GCC_OPTIMIZATION_LEVEL = 0;
				GCC_PREPROCESSOR_DEFINITIONS = (
					"DEBUG=1",
					"$(inherited)",
				);
				GCC_WARN_64_TO_32_BIT_CONVERSION = YES;
				GCC_WARN_ABOUT_RETURN_TYPE = YES_ERROR;
				GCC_WARN_UNDECLARED_SELECTOR = YES;
				GCC_WARN_UNINITIALIZED_AUTOS = YES_AGGRESSIVE;
				GCC_WARN_UNUSED_FUNCTION = YES;
				GCC_WARN_UNUSED_VARIABLE = YES;
				IPHONEOS_DEPLOYMENT_TARGET = 16.2;
				MTL_ENABLE_DEBUG_INFO = INCLUDE_SOURCE;
				MTL_FAST_MATH = YES;
				ONLY_ACTIVE_ARCH = YES;
				SDKROOT = iphoneos;
				SWIFT_ACTIVE_COMPILATION_CONDITIONS = DEBUG;
				SWIFT_OPTIMIZATION_LEVEL = "-Onone";
			};
			name = Debug;
		};
		9CEBE1472A3F0E890088FB22 /* Release */ = {
			isa = XCBuildConfiguration;
			buildSettings = {
				ALWAYS_SEARCH_USER_PATHS = NO;
				CLANG_ANALYZER_NONNULL = YES;
				CLANG_ANALYZER_NUMBER_OBJECT_CONVERSION = YES_AGGRESSIVE;
				CLANG_CXX_LANGUAGE_STANDARD = "gnu++20";
				CLANG_ENABLE_MODULES = YES;
				CLANG_ENABLE_OBJC_ARC = YES;
				CLANG_ENABLE_OBJC_WEAK = YES;
				CLANG_WARN_BLOCK_CAPTURE_AUTORELEASING = YES;
				CLANG_WARN_BOOL_CONVERSION = YES;
				CLANG_WARN_COMMA = YES;
				CLANG_WARN_CONSTANT_CONVERSION = YES;
				CLANG_WARN_DEPRECATED_OBJC_IMPLEMENTATIONS = YES;
				CLANG_WARN_DIRECT_OBJC_ISA_USAGE = YES_ERROR;
				CLANG_WARN_DOCUMENTATION_COMMENTS = YES;
				CLANG_WARN_EMPTY_BODY = YES;
				CLANG_WARN_ENUM_CONVERSION = YES;
				CLANG_WARN_INFINITE_RECURSION = YES;
				CLANG_WARN_INT_CONVERSION = YES;
				CLANG_WARN_NON_LITERAL_NULL_CONVERSION = YES;
				CLANG_WARN_OBJC_IMPLICIT_RETAIN_SELF = YES;
				CLANG_WARN_OBJC_LITERAL_CONVERSION = YES;
				CLANG_WARN_OBJC_ROOT_CLASS = YES_ERROR;
				CLANG_WARN_QUOTED_INCLUDE_IN_FRAMEWORK_HEADER = YES;
				CLANG_WARN_RANGE_LOOP_ANALYSIS = YES;
				CLANG_WARN_STRICT_PROTOTYPES = YES;
				CLANG_WARN_SUSPICIOUS_MOVE = YES;
				CLANG_WARN_UNGUARDED_AVAILABILITY = YES_AGGRESSIVE;
				CLANG_WARN_UNREACHABLE_CODE = YES;
				CLANG_WARN__DUPLICATE_METHOD_MATCH = YES;
				COPY_PHASE_STRIP = NO;
				DEBUG_INFORMATION_FORMAT = "dwarf-with-dsym";
				ENABLE_NS_ASSERTIONS = NO;
				ENABLE_STRICT_OBJC_MSGSEND = YES;
				GCC_C_LANGUAGE_STANDARD = gnu11;
				GCC_NO_COMMON_BLOCKS = YES;
				GCC_WARN_64_TO_32_BIT_CONVERSION = YES;
				GCC_WARN_ABOUT_RETURN_TYPE = YES_ERROR;
				GCC_WARN_UNDECLARED_SELECTOR = YES;
				GCC_WARN_UNINITIALIZED_AUTOS = YES_AGGRESSIVE;
				GCC_WARN_UNUSED_FUNCTION = YES;
				GCC_WARN_UNUSED_VARIABLE = YES;
				IPHONEOS_DEPLOYMENT_TARGET = 16.2;
				MTL_ENABLE_DEBUG_INFO = NO;
				MTL_FAST_MATH = YES;
				SDKROOT = iphoneos;
				SWIFT_COMPILATION_MODE = wholemodule;
				SWIFT_OPTIMIZATION_LEVEL = "-O";
				VALIDATE_PRODUCT = YES;
			};
			name = Release;
		};
		9CEBE1492A3F0E890088FB22 /* Debug */ = {
			isa = XCBuildConfiguration;
			buildSettings = {
				ASSETCATALOG_COMPILER_APPICON_NAME = AppIcon;
				ASSETCATALOG_COMPILER_GLOBAL_ACCENT_COLOR_NAME = AccentColor;
				CODE_SIGN_STYLE = Automatic;
				CURRENT_PROJECT_VERSION = 1;
				DEVELOPMENT_TEAM = JD3MX6K8P9;
				GENERATE_INFOPLIST_FILE = YES;
				INFOPLIST_FILE = GITHUB_Demo/Info.plist;
				INFOPLIST_KEY_UIApplicationSupportsIndirectInputEvents = YES;
				INFOPLIST_KEY_UILaunchStoryboardName = LaunchScreen;
				INFOPLIST_KEY_UIMainStoryboardFile = Main;
				INFOPLIST_KEY_UISupportedInterfaceOrientations_iPad = "UIInterfaceOrientationPortrait UIInterfaceOrientationPortraitUpsideDown UIInterfaceOrientationLandscapeLeft UIInterfaceOrientationLandscapeRight";
				INFOPLIST_KEY_UISupportedInterfaceOrientations_iPhone = "UIInterfaceOrientationPortrait UIInterfaceOrientationLandscapeLeft UIInterfaceOrientationLandscapeRight";
				LD_RUNPATH_SEARCH_PATHS = (
					"$(inherited)",
					"@executable_path/Frameworks",
				);
				MARKETING_VERSION = 1.0;
				PRODUCT_BUNDLE_IDENTIFIER = "com.adwik.GITHUB-Demo";
				PRODUCT_NAME = "$(TARGET_NAME)";
				SWIFT_EMIT_LOC_STRINGS = YES;
				SWIFT_VERSION = 5.0;
				TARGETED_DEVICE_FAMILY = "1,2";
			};
			name = Debug;
		};
		9CEBE14A2A3F0E890088FB22 /* Release */ = {
			isa = XCBuildConfiguration;
			buildSettings = {
				ASSETCATALOG_COMPILER_APPICON_NAME = AppIcon;
				ASSETCATALOG_COMPILER_GLOBAL_ACCENT_COLOR_NAME = AccentColor;
				CODE_SIGN_STYLE = Automatic;
				CURRENT_PROJECT_VERSION = 1;
				DEVELOPMENT_TEAM = JD3MX6K8P9;
				GENERATE_INFOPLIST_FILE = YES;
				INFOPLIST_FILE = GITHUB_Demo/Info.plist;
				INFOPLIST_KEY_UIApplicationSupportsIndirectInputEvents = YES;
				INFOPLIST_KEY_UILaunchStoryboardName = LaunchScreen;
				INFOPLIST_KEY_UIMainStoryboardFile = Main;
				INFOPLIST_KEY_UISupportedInterfaceOrientations_iPad = "UIInterfaceOrientationPortrait UIInterfaceOrientationPortraitUpsideDown UIInterfaceOrientationLandscapeLeft UIInterfaceOrientationLandscapeRight";
				INFOPLIST_KEY_UISupportedInterfaceOrientations_iPhone = "UIInterfaceOrientationPortrait UIInterfaceOrientationLandscapeLeft UIInterfaceOrientationLandscapeRight";
				LD_RUNPATH_SEARCH_PATHS = (
					"$(inherited)",
					"@executable_path/Frameworks",
				);
				MARKETING_VERSION = 1.0;
				PRODUCT_BUNDLE_IDENTIFIER = "com.adwik.GITHUB-Demo";
				PRODUCT_NAME = "$(TARGET_NAME)";
				SWIFT_EMIT_LOC_STRINGS = YES;
				SWIFT_VERSION = 5.0;
				TARGETED_DEVICE_FAMILY = "1,2";
			};
			name = Release;
		};
		9CEBE14C2A3F0E890088FB22 /* Debug */ = {
			isa = XCBuildConfiguration;
			buildSettings = {
				ALWAYS_EMBED_SWIFT_STANDARD_LIBRARIES = YES;
				BUNDLE_LOADER = "$(TEST_HOST)";
				CODE_SIGN_STYLE = Automatic;
				CURRENT_PROJECT_VERSION = 1;
				DEVELOPMENT_TEAM = JD3MX6K8P9;
				GENERATE_INFOPLIST_FILE = YES;
				IPHONEOS_DEPLOYMENT_TARGET = 16.2;
				MARKETING_VERSION = 1.0;
				PRODUCT_BUNDLE_IDENTIFIER = "com.adwik.GITHUB-DemoTests";
				PRODUCT_NAME = "$(TARGET_NAME)";
				SWIFT_EMIT_LOC_STRINGS = NO;
				SWIFT_VERSION = 5.0;
				TARGETED_DEVICE_FAMILY = "1,2";
				TEST_HOST = "$(BUILT_PRODUCTS_DIR)/GITHUB_Demo.app/$(BUNDLE_EXECUTABLE_FOLDER_PATH)/GITHUB_Demo";
			};
			name = Debug;
		};
		9CEBE14D2A3F0E890088FB22 /* Release */ = {
			isa = XCBuildConfiguration;
			buildSettings = {
				ALWAYS_EMBED_SWIFT_STANDARD_LIBRARIES = YES;
				BUNDLE_LOADER = "$(TEST_HOST)";
				CODE_SIGN_STYLE = Automatic;
				CURRENT_PROJECT_VERSION = 1;
				DEVELOPMENT_TEAM = JD3MX6K8P9;
				GENERATE_INFOPLIST_FILE = YES;
				IPHONEOS_DEPLOYMENT_TARGET = 16.2;
				MARKETING_VERSION = 1.0;
				PRODUCT_BUNDLE_IDENTIFIER = "com.adwik.GITHUB-DemoTests";
				PRODUCT_NAME = "$(TARGET_NAME)";
				SWIFT_EMIT_LOC_STRINGS = NO;
				SWIFT_VERSION = 5.0;
				TARGETED_DEVICE_FAMILY = "1,2";
				TEST_HOST = "$(BUILT_PRODUCTS_DIR)/GITHUB_Demo.app/$(BUNDLE_EXECUTABLE_FOLDER_PATH)/GITHUB_Demo";
			};
			name = Release;
		};
		9CEBE14F2A3F0E890088FB22 /* Debug */ = {
			isa = XCBuildConfiguration;
			buildSettings = {
				ALWAYS_EMBED_SWIFT_STANDARD_LIBRARIES = YES;
				CODE_SIGN_STYLE = Automatic;
				CURRENT_PROJECT_VERSION = 1;
				DEVELOPMENT_TEAM = JD3MX6K8P9;
				GENERATE_INFOPLIST_FILE = YES;
				MARKETING_VERSION = 1.0;
				PRODUCT_BUNDLE_IDENTIFIER = "com.adwik.GITHUB-DemoUITests";
				PRODUCT_NAME = "$(TARGET_NAME)";
				SWIFT_EMIT_LOC_STRINGS = NO;
				SWIFT_VERSION = 5.0;
				TARGETED_DEVICE_FAMILY = "1,2";
				TEST_TARGET_NAME = GITHUB_Demo;
			};
			name = Debug;
		};
		9CEBE1502A3F0E890088FB22 /* Release */ = {
			isa = XCBuildConfiguration;
			buildSettings = {
				ALWAYS_EMBED_SWIFT_STANDARD_LIBRARIES = YES;
				CODE_SIGN_STYLE = Automatic;
				CURRENT_PROJECT_VERSION = 1;
				DEVELOPMENT_TEAM = JD3MX6K8P9;
				GENERATE_INFOPLIST_FILE = YES;
				MARKETING_VERSION = 1.0;
				PRODUCT_BUNDLE_IDENTIFIER = "com.adwik.GITHUB-DemoUITests";
				PRODUCT_NAME = "$(TARGET_NAME)";
				SWIFT_EMIT_LOC_STRINGS = NO;
				SWIFT_VERSION = 5.0;
				TARGETED_DEVICE_FAMILY = "1,2";
				TEST_TARGET_NAME = GITHUB_Demo;
			};
			name = Release;
		};
/* End XCBuildConfiguration section */

/* Begin XCConfigurationList section */
		9CEBE1192A3F0E880088FB22 /* Build configuration list for PBXProject "GITHUB_Demo" */ = {
			isa = XCConfigurationList;
			buildConfigurations = (
				9CEBE1462A3F0E890088FB22 /* Debug */,
				9CEBE1472A3F0E890088FB22 /* Release */,
			);
			defaultConfigurationIsVisible = 0;
			defaultConfigurationName = Release;
		};
		9CEBE1482A3F0E890088FB22 /* Build configuration list for PBXNativeTarget "GITHUB_Demo" */ = {
			isa = XCConfigurationList;
			buildConfigurations = (
				9CEBE1492A3F0E890088FB22 /* Debug */,
				9CEBE14A2A3F0E890088FB22 /* Release */,
			);
			defaultConfigurationIsVisible = 0;
			defaultConfigurationName = Release;
		};
		9CEBE14B2A3F0E890088FB22 /* Build configuration list for PBXNativeTarget "GITHUB_DemoTests" */ = {
			isa = XCConfigurationList;
			buildConfigurations = (
				9CEBE14C2A3F0E890088FB22 /* Debug */,
				9CEBE14D2A3F0E890088FB22 /* Release */,
			);
			defaultConfigurationIsVisible = 0;
			defaultConfigurationName = Release;
		};
		9CEBE14E2A3F0E890088FB22 /* Build configuration list for PBXNativeTarget "GITHUB_DemoUITests" */ = {
			isa = XCConfigurationList;
			buildConfigurations = (
				9CEBE14F2A3F0E890088FB22 /* Debug */,
				9CEBE1502A3F0E890088FB22 /* Release */,
			);
			defaultConfigurationIsVisible = 0;
			defaultConfigurationName = Release;
		};
/* End XCConfigurationList section */
	};
	rootObject = 9CEBE1162A3F0E880088FB22 /* Project object */;
}
